<?xml version="1.0" encoding="utf-8"?>
<Project ToolsVersion="4.0" xmlns="http://schemas.microsoft.com/developer/msbuild/2003">
  <ItemGroup>
    <Filter Include="Source Files">
      <UniqueIdentifier>{4FC737F1-C7A5-4376-A066-2A32D752A2FF}</UniqueIdentifier>
      <Extensions>cpp;c;cc;cxx;def;odl;idl;hpj;bat;asm;asmx</Extensions>
    </Filter>
    <Filter Include="Header Files">
      <UniqueIdentifier>{93995380-89BD-4b04-88EB-625FBE52EBFB}</UniqueIdentifier>
      <Extensions>h;hh;hpp;hxx;hm;inl;inc;xsd</Extensions>
    </Filter>
    <Filter Include="Resource Files">
      <UniqueIdentifier>{67DA6AB6-F800-4c08-8B7A-83BB121AAD01}</UniqueIdentifier>
      <Extensions>rc;ico;cur;bmp;dlg;rc2;rct;bin;rgs;gif;jpg;jpeg;jpe;resx;tiff;tif;png;wav;mfcribbon-ms</Extensions>
    </Filter>
    <Filter Include="Source Files\ShaderManagers">
      <UniqueIdentifier>{4f418244-520a-41d3-af7e-9079520a2962}</UniqueIdentifier>
    </Filter>
    <Filter Include="Header Files\ShaderManagers">
      <UniqueIdentifier>{3a0d3d56-9d30-4405-ab2d-7a6436a89ece}</UniqueIdentifier>
    </Filter>
    <Filter Include="Header Files\Yuns_Method">
      <UniqueIdentifier>{7195afe2-8289-4af9-843a-391d58d96c24}</UniqueIdentifier>
    </Filter>
    <Filter Include="Header Files\Kims_Method">
      <UniqueIdentifier>{218bbb78-68ca-4731-a3ee-c23f5a092ca1}</UniqueIdentifier>
    </Filter>
    <Filter Include="Source Files\Kims_Method">
      <UniqueIdentifier>{d0c39a55-a295-4c03-824f-8b75b9eddae1}</UniqueIdentifier>
    </Filter>
    <Filter Include="Source Files\Yuns_Method">
      <UniqueIdentifier>{5e178a64-cdd1-4d77-882c-bc2078fa5bf8}</UniqueIdentifier>
    </Filter>
  </ItemGroup>
  <ItemGroup>
    <ClCompile Include="Main.cpp">
      <Filter>Source Files</Filter>
    </ClCompile>
    <ClCompile Include="LightningAppTK.cpp">
      <Filter>Source Files</Filter>
    </ClCompile>
    <ClCompile Include="CELL.cpp">
      <Filter>Source Files\Kims_Method</Filter>
    </ClCompile>
    <ClCompile Include="CG_SOLVER.cpp">
      <Filter>Source Files\Kims_Method</Filter>
    </ClCompile>
    <ClCompile Include="QUAD_POISSON.cpp">
      <Filter>Source Files\Kims_Method</Filter>
    </ClCompile>
    <ClCompile Include="QUAD_DBM_2D.cpp">
      <Filter>Source Files\Kims_Method</Filter>
    </ClCompile>
    <ClCompile Include="DAG.cpp">
      <Filter>Source Files\Kims_Method</Filter>
    </ClCompile>
    <ClCompile Include="CellMesh.cpp">
      <Filter>Source Files\Kims_Method</Filter>
    </ClCompile>
    <ClCompile Include="LightningMesh.cpp">
      <Filter>Source Files\Kims_Method</Filter>
    </ClCompile>
    <ClCompile Include="RNG.cpp">
      <Filter>Source Files\Kims_Method</Filter>
    </ClCompile>
    <ClCompile Include="ppm\ppm.cpp">
      <Filter>Source Files\Kims_Method</Filter>
    </ClCompile>
    <ClCompile Include="LightningSM.cpp">
      <Filter>Source Files\ShaderManagers</Filter>
    </ClCompile>
    <ClCompile Include="LinearSM.cpp">
      <Filter>Source Files\ShaderManagers</Filter>
    </ClCompile>
    <ClCompile Include="RATIONAL_SOLVER.cpp">
      <Filter>Source Files\Yuns_Method</Filter>
    </ClCompile>
    <ClCompile Include="CELL_R.cpp">
      <Filter>Source Files\Yuns_Method</Filter>
    </ClCompile>
    <ClCompile Include="LIGHTNING_TREE.cpp">
      <Filter>Source Files\Yuns_Method</Filter>
    </ClCompile>
    <ClCompile Include="LightningAppJY.cpp">
      <Filter>Source Files</Filter>
    </ClCompile>
  </ItemGroup>
  <ItemGroup>
    <ClInclude Include="LightningAppTK.h">
      <Filter>Header Files</Filter>
    </ClInclude>
    <ClInclude Include="CELL.h">
      <Filter>Header Files\Kims_Method</Filter>
    </ClInclude>
    <ClInclude Include="CG_SOLVER.h">
      <Filter>Header Files\Kims_Method</Filter>
    </ClInclude>
    <ClInclude Include="QUAD_POISSON.h">
      <Filter>Header Files\Kims_Method</Filter>
    </ClInclude>
    <ClInclude Include="QUAD_DBM_2D.h">
      <Filter>Header Files\Kims_Method</Filter>
    </ClInclude>
    <ClInclude Include="DAG.h">
      <Filter>Header Files\Kims_Method</Filter>
    </ClInclude>
    <ClInclude Include="CellMesh.h">
      <Filter>Header Files\Kims_Method</Filter>
    </ClInclude>
    <ClInclude Include="LightningMesh.h">
      <Filter>Header Files\Kims_Method</Filter>
    </ClInclude>
    <ClInclude Include="RNG.h">
      <Filter>Header Files\Kims_Method</Filter>
    </ClInclude>
    <ClInclude Include="ppm\ppm.hpp">
      <Filter>Header Files\Kims_Method</Filter>
    </ClInclude>
    <ClInclude Include="LightningSM.h">
      <Filter>Header Files\ShaderManagers</Filter>
    </ClInclude>
    <ClInclude Include="LinearSM.h">
      <Filter>Header Files\ShaderManagers</Filter>
    </ClInclude>
    <ClInclude Include="RATIONAL_SOLVER.h">
      <Filter>Header Files\Yuns_Method</Filter>
    </ClInclude>
    <ClInclude Include="CELL_R.h">
      <Filter>Header Files\Yuns_Method</Filter>
    </ClInclude>
    <ClInclude Include="LIGHTNING_TREE.h">
      <Filter>Header Files\Yuns_Method</Filter>
    </ClInclude>
    <ClInclude Include="LightningAppJY.h">
      <Filter>Header Files</Filter>
    </ClInclude>
  </ItemGroup>
  <ItemGroup>
    <FxCompile Include="LinearVS.hlsl">
      <Filter>Resource Files</Filter>
    </FxCompile>
    <FxCompile Include="LightningVS.hlsl">
      <Filter>Resource Files</Filter>
    </FxCompile>
    <FxCompile Include="LightningPS.hlsl">
      <Filter>Resource Files</Filter>
    </FxCompile>
    <FxCompile Include="LinearPS.hlsl">
      <Filter>Resource Files</Filter>
    </FxCompile>
  </ItemGroup>
</Project>